
Microsoft Visual Studio Solution File, Format Version 12.00
# Visual Studio Version 17
VisualStudioVersion = 17.3.32811.315
MinimumVisualStudioVersion = 10.0.40219.1
Project("{FAE04EC0-301F-11D3-BF4B-00C04F79EFBC}") = "Traversal_Reservation_NetCore_Project", "Traversal_Reservation_NetCore_Project\Traversal_Reservation_NetCore_Project.csproj", "{326B42D3-2650-4A28-AD8F-0477B91A9C9C}"
EndProject
Project("{FAE04EC0-301F-11D3-BF4B-00C04F79EFBC}") = "EntityLayer", "EntityLayer\EntityLayer.csproj", "{09B506C0-D3CB-4D94-B7D4-3B3A4C1EE69D}"
EndProject
Project("{FAE04EC0-301F-11D3-BF4B-00C04F79EFBC}") = "DataAccessLayer", "DataAccessLayer\DataAccessLayer.csproj", "{E743359F-46B0-4575-986F-B5495223F92D}"
EndProject
Project("{FAE04EC0-301F-11D3-BF4B-00C04F79EFBC}") = "BusinessLayer", "BusinessLayer\BusinessLayer.csproj", "{10F3D2F1-F500-4306-B928-FBFFD054DB7E}"
EndProject
Global
	GlobalSection(SolutionConfigurationPlatforms) = preSolution
		Debug|Any CPU = Debug|Any CPU
		Release|Any CPU = Release|Any CPU
	EndGlobalSection
	GlobalSection(ProjectConfigurationPlatforms) = postSolution
		{326B42D3-2650-4A28-AD8F-0477B91A9C9C}.Debug|Any CPU.ActiveCfg = Debug|Any CPU
		{326B42D3-2650-4A28-AD8F-0477B91A9C9C}.Debug|Any CPU.Build.0 = Debug|Any CPU
		{326B42D3-2650-4A28-AD8F-0477B91A9C9C}.Release|Any CPU.ActiveCfg = Release|Any CPU
		{326B42D3-2650-4A28-AD8F-0477B91A9C9C}.Release|Any CPU.Build.0 = Release|Any CPU
		{09B506C0-D3CB-4D94-B7D4-3B3A4C1EE69D}.Debug|Any CPU.ActiveCfg = Debug|Any CPU
		{09B506C0-D3CB-4D94-B7D4-3B3A4C1EE69D}.Debug|Any CPU.Build.0 = Debug|Any CPU
		{09B506C0-D3CB-4D94-B7D4-3B3A4C1EE69D}.Release|Any CPU.ActiveCfg = Release|Any CPU
		{09B506C0-D3CB-4D94-B7D4-3B3A4C1EE69D}.Release|Any CPU.Build.0 = Release|Any CPU
		{E743359F-46B0-4575-986F-B5495223F92D}.Debug|Any CPU.ActiveCfg = Debug|Any CPU
		{E743359F-46B0-4575-986F-B5495223F92D}.Debug|Any CPU.Build.0 = Debug|Any CPU
		{E743359F-46B0-4575-986F-B5495223F92D}.Release|Any CPU.ActiveCfg = Release|Any CPU
		{E743359F-46B0-4575-986F-B5495223F92D}.Release|Any CPU.Build.0 = Release|Any CPU
		{10F3D2F1-F500-4306-B928-FBFFD054DB7E}.Debug|Any CPU.ActiveCfg = Debug|Any CPU
		{10F3D2F1-F500-4306-B928-FBFFD054DB7E}.Debug|Any CPU.Build.0 = Debug|Any CPU
		{10F3D2F1-F500-4306-B928-FBFFD054DB7E}.Release|Any CPU.ActiveCfg = Release|Any CPU
		{10F3D2F1-F500-4306-B928-FBFFD054DB7E}.Release|Any CPU.Build.0 = Release|Any CPU
	EndGlobalSection
	GlobalSection(SolutionProperties) = preSolution
		HideSolutionNode = FALSE
	EndGlobalSection
	GlobalSection(ExtensibilityGlobals) = postSolution
		SolutionGuid = {E43E638E-2195-4246-952D-F2E9EE41EBDF}
	EndGlobalSection
EndGlobal
